
Microsoft Visual Studio Solution File, Format Version 12.00
# Visual Studio 15
VisualStudioVersion = 15.0.27428.2005
MinimumVisualStudioVersion = 10.0.40219.1
Project("{2150E333-8FDC-42A3-9474-1A3956D46DE8}") = "misc", "misc", "{8ACB496A-03F4-4399-A4C6-B04E006F78AF}"
	ProjectSection(SolutionItems) = preProject
		.gitattributes = .gitattributes
		.gitignore = .gitignore
		.nuke = .nuke
		build.ps1 = build.ps1
		build.sh = build.sh
		CHANGELOG.md = CHANGELOG.md
		GitVersion.yml = GitVersion.yml
		global.json = global.json
		LICENSE = LICENSE
		nuke-azure-cli.sln.DotSettings = nuke-azure-cli.sln.DotSettings
		README.md = README.md
	EndProjectSection
EndProject
Project("{9A19103F-16F7-4668-BE54-9A1E7A4F7556}") = "Nuke.Azure", "src\Nuke.Azure\Nuke.Azure.csproj", "{D9DF1918-EFEC-487C-ADE2-CE152218A559}"
EndProject
Project("{9A19103F-16F7-4668-BE54-9A1E7A4F7556}") = "Nuke.Azure.Generator", "src\Nuke.Azure.Generator\Nuke.Azure.Generator.csproj", "{19CA46D7-8722-4A04-8D1B-71D35D12EAAA}"
EndProject
Project("{9A19103F-16F7-4668-BE54-9A1E7A4F7556}") = "Nuke.Azure.Generator.Tests", "tests\Nuke.Azure.Generator.Tests\Nuke.Azure.Generator.Tests.csproj", "{19415C0B-F591-4E39-B2FE-7E3A94E91AF9}"
EndProject
Project("{9A19103F-16F7-4668-BE54-9A1E7A4F7556}") = "_build", "build\_build.csproj", "{091D5256-E064-4032-B7B9-A8A68EFB85AE}"
EndProject
Global
	GlobalSection(SolutionConfigurationPlatforms) = preSolution
		Debug|Any CPU = Debug|Any CPU
		Release|Any CPU = Release|Any CPU
	EndGlobalSection
	GlobalSection(ProjectConfigurationPlatforms) = postSolution
		{D9DF1918-EFEC-487C-ADE2-CE152218A559}.Debug|Any CPU.ActiveCfg = Debug|Any CPU
		{D9DF1918-EFEC-487C-ADE2-CE152218A559}.Release|Any CPU.ActiveCfg = Release|Any CPU
		{19CA46D7-8722-4A04-8D1B-71D35D12EAAA}.Debug|Any CPU.ActiveCfg = Debug|Any CPU
		{19CA46D7-8722-4A04-8D1B-71D35D12EAAA}.Debug|Any CPU.Build.0 = Debug|Any CPU
		{19CA46D7-8722-4A04-8D1B-71D35D12EAAA}.Release|Any CPU.ActiveCfg = Release|Any CPU
		{19CA46D7-8722-4A04-8D1B-71D35D12EAAA}.Release|Any CPU.Build.0 = Release|Any CPU
		{19415C0B-F591-4E39-B2FE-7E3A94E91AF9}.Debug|Any CPU.ActiveCfg = Debug|Any CPU
		{19415C0B-F591-4E39-B2FE-7E3A94E91AF9}.Debug|Any CPU.Build.0 = Debug|Any CPU
		{19415C0B-F591-4E39-B2FE-7E3A94E91AF9}.Release|Any CPU.ActiveCfg = Release|Any CPU
		{19415C0B-F591-4E39-B2FE-7E3A94E91AF9}.Release|Any CPU.Build.0 = Release|Any CPU
		{091D5256-E064-4032-B7B9-A8A68EFB85AE}.Debug|Any CPU.ActiveCfg = Debug|Any CPU
		{091D5256-E064-4032-B7B9-A8A68EFB85AE}.Release|Any CPU.ActiveCfg = Release|Any CPU
	EndGlobalSection
	GlobalSection(SolutionProperties) = preSolution
		HideSolutionNode = FALSE
	EndGlobalSection
	GlobalSection(ExtensibilityGlobals) = postSolution
		SolutionGuid = {FA5C517C-9D92-485C-9796-5BC75DEF1ADC}
	EndGlobalSection
EndGlobal
